
Microsoft Visual Studio Solution File, Format Version 12.00
# Visual Studio Version 17
VisualStudioVersion = 17.3.32901.215
MinimumVisualStudioVersion = 10.0.40219.1
Project("{FAE04EC0-301F-11D3-BF4B-00C04F79EFBC}") = "RedisCacheDemo", "RedisCacheDemo\RedisCacheDemo.csproj", "{A39D5630-E6AF-4A8C-AAF6-DFE45DB9DF87}"
EndProject
Project("{FAE04EC0-301F-11D3-BF4B-00C04F79EFBC}") = "CacheManager", "CacheManager\CacheManager.csproj", "{D12F8670-F5DB-4FB7-9A96-5B7737E44BC0}"
EndProject
Global
	GlobalSection(SolutionConfigurationPlatforms) = preSolution
		Debug|Any CPU = Debug|Any CPU
		Release|Any CPU = Release|Any CPU
	EndGlobalSection
	GlobalSection(ProjectConfigurationPlatforms) = postSolution
		{A39D5630-E6AF-4A8C-AAF6-DFE45DB9DF87}.Debug|Any CPU.ActiveCfg = Debug|Any CPU
		{A39D5630-E6AF-4A8C-AAF6-DFE45DB9DF87}.Debug|Any CPU.Build.0 = Debug|Any CPU
		{A39D5630-E6AF-4A8C-AAF6-DFE45DB9DF87}.Release|Any CPU.ActiveCfg = Release|Any CPU
		{A39D5630-E6AF-4A8C-AAF6-DFE45DB9DF87}.Release|Any CPU.Build.0 = Release|Any CPU
		{D12F8670-F5DB-4FB7-9A96-5B7737E44BC0}.Debug|Any CPU.ActiveCfg = Debug|Any CPU
		{D12F8670-F5DB-4FB7-9A96-5B7737E44BC0}.Debug|Any CPU.Build.0 = Debug|Any CPU
		{D12F8670-F5DB-4FB7-9A96-5B7737E44BC0}.Release|Any CPU.ActiveCfg = Release|Any CPU
		{D12F8670-F5DB-4FB7-9A96-5B7737E44BC0}.Release|Any CPU.Build.0 = Release|Any CPU
	EndGlobalSection
	GlobalSection(SolutionProperties) = preSolution
		HideSolutionNode = FALSE
	EndGlobalSection
	GlobalSection(ExtensibilityGlobals) = postSolution
		SolutionGuid = {B857B3C1-7D0E-4B4F-AB8D-87EEEBFF0644}
	EndGlobalSection
EndGlobal
